9fans.net/go v0.0.0-20181112161441-237454027057/go.mod h1:diCsxrliIURU9xsYtjCp5AbpQKqdhKmf0ujWDUSkfoY=
9fans.net/go v0.0.2/go.mod h1:lfPdxjq9v8pVQXUMBCx5EO5oLXWQFlKRQgs1kEkjoIM=
github.com/BurntSushi/toml v0.3.1 h1:WXkYYl6Yr3qBf1K79EBnL4mak0OimBfB0XUf9Vl28OQ=
github.com/BurntSushi/toml v0.3.1/go.mod h1:xHWCNGjB5oqiDr8zfno3MHue2Ht5sIBksp03qcyfWMU=
github.com/aQuaYi/GoKit v0.0.0-20170805152833-88827a405d9b h1:ETIKydTbnzwNUsIGDBiFl2EURPhMH3NnFHIDsnXc+o4=
github.com/aQuaYi/GoKit v0.0.0-20170805152833-88827a405d9b/go.mod h1:5MlpsreROJsVmgQHgk2nse+wA7lKTZWgu21Oat1JWcg=
github.com/aQuaYi/LeetCode-in-Go/Algorithms v0.0.0-20190922135801-04bbd63dfdde h1:eaR6nnEux5rv5BFP1TmcOmwOJx5C1Nq4Ecs/Z+eBMjE=
github.com/aQuaYi/LeetCode-in-Go/Algorithms v0.0.0-20190922135801-04bbd63dfdde/go.mod h1:QKfZDganvRGVS1H4PgVgmdkXim4m02bEPp/rxt/ZM+I=
github.com/aQuaYi/LeetCode-in-Go/Algorithms/0321.create-maximum-number v0.0.0-20190922135801-04bbd63dfdde h1:C1IVHl4k6RJ0SaitmHa3ZjAqKG34yj39VGalflNOLEM=
github.com/aQuaYi/LeetCode-in-Go/Algorithms/0321.create-maximum-number v0.0.0-20190922135801-04bbd63dfdde/go.mod h1:82/itYBbxWCCDzxDhZNBYCxzlQ7Tb/tbF0xZ4hJwPWo=
github.com/aQuaYi/LeetCode-in-Go/Algorithms/1178.number-of-valid-words-for-each-puzzle v0.0.0-20190922135801-04bbd63dfdde h1:Mz3DY30DM+vukkf5BvmS9WzBi+ImF02Egv1X2L8rO4Q=
github.com/aQuaYi/LeetCode-in-Go/Algorithms/1178.number-of-valid-words-for-each-puzzle v0.0.0-20190922135801-04bbd63dfdde/go.mod h1:qKb2kU2/0pQ2XxHMBTdbr6NO/rWUpph+V2NjXCk5Zeg=
github.com/bitly/go-simplejson v0.5.0 h1:6IH+V8/tVMab511d5bn4M7EwGXZf9Hj6i2xSwkNEM+Y=
github.com/bitly/go-simplejson v0.5.0/go.mod h1:cXHtHw4XUPsvGaxgjIAn8PhEWG9NfngEKAMDJEczWVA=
github.com/cweill/gotests v1.5.3/go.mod h1:XZYOJkGVkCRoymaIzmp9Wyi3rUgfA3oOnkuljYrjFV8=
github.com/davecgh/go-spew v1.1.0 h1:ZDRjVQ15GmhC3fiQ8ni8+OwkZQO4DARzQgrnXU1Liz8=
github.com/davecgh/go-spew v1.1.0/go.mod h1:J7Y8YcW2NihsgmVo/mv3lAwl/skON4iLHjSsI+c5H38=
github.com/davidrjenni/reftools v0.0.0-20190827201643-0605d60846fb/go.mod h1:0qWLWApvobxwtd9/A8fS62VkRImuquIgtCv/ye+KnxA=
github.com/fatih/camelcase v1.0.0/go.mod h1:yN2Sb0lFhZJUdVvtELVWefmrXpuZESvPmqwoZc+/fpc=
github.com/fatih/gomodifytags v1.0.1/go.mod h1:p2/x7bnOQsbq/deXsDIlj2yLiKFGPkD2nuoYqwn8R4Y=
github.com/fatih/structtag v1.0.0/go.mod h1:IKitwq45uXL/yqi5mYghiD3w9H6eTOvI9vnk8tXMphA=
github.com/godoctor/godoctor v0.0.0-20181123222458-69df17f3a6f6/go.mod h1:+tyhT8jBF8E0XvdlSXOSL7Iko7DlNiongHq3q+wcsPs=
github.com/haya14busa/goplay v1.0.0/go.mod h1:TUcdOVV7TTx0Fo9CmTf16Erfju/DzXTbB70+RYb43h8=
github.com/josharian/impl v0.0.0-20190715203526-f0d59e96e372/go.mod h1:t4Tr0tn92eq5ISef4cS5plFAMYAqZlAXtgUcKE6y8nw=
github.com/keegancsmith/rpc v1.1.0/go.mod h1:Xow74TKX34OPPiPCdz6x1o9c0SCxRqGxDuKGk7ZOo8s=
github.com/kisielk/gotool v1.0.0/go.mod h1:XhKaO+MFFWcvkIS/tQcRk01m1F5IRFswLeQ+oQHNcck=
github.com/mdempsky/gocode v0.0.0-20190203001940-7fb65232883f/go.mod h1:hltEC42XzfMNgg0S1v6JTywwra2Mu6F6cLR03debVQ8=
github.com/mozillazg/request v0.8.0 h1:TbXeQUdBWr1J1df5Z+lQczDFzX9JD71kTCl7Zu/9rNM=
github.com/mozillazg/request v0.8.0/go.mod h1:weoQ/mVFNbWgRBtivCGF1tUT9lwneFesues+CleXMWc=
github.com/pmezard/go-difflib v1.0.0 h1:4DBwDE0NGyQoBHbLQYPwSUPoCMWR5BEzIk/f1lZbAQM=
github.com/pmezard/go-difflib v1.0.0/go.mod h1:iKH77koFhYxTK1pcRnkKkqfTogsbg7gZNVY4sRDYZ/4=
github.com/rogpeppe/godef v1.1.1/go.mod h1:oEo1eMy1VUEHUzUIX4F7IqvMJRiz9UId44mvnR8oPlQ=
github.com/skratchdot/open-golang v0.0.0-20190402232053-79abb63cd66e/go.mod h1:sUM3LWHvSMaG192sy56D9F7CNvL7jUJVXoqM1QKLnog=
github.com/sqs/goreturns v0.0.0-20181028201513-538ac6014518/go.mod h1:CKI4AZ4XmGV240rTHfO0hfE83S6/a3/Q1siZJ/vXf7A=
github.com/stamblerre/gocode v0.0.0-20190327203809-810592086997/go.mod h1:EM2T8YDoTCvGXbEpFHxarbpv7VE26QD1++Cb1Pbh7Gs=
github.com/stretchr/objx v0.1.0/go.mod h1:HFkY916IF+rwdDfMAkV7OtwuqBVzrE8GR6GFx+wExME=
github.com/stretchr/testify v1.4.0 h1:2E4SXV/wtOkTonXsotYi4li6zVWxYlZuYNCXe9XRJyk=
github.com/stretchr/testify v1.4.0/go.mod h1:j7eGeouHqKxXV5pUuKE4zz7dFj8WfuZ+81PSLYec5m4=
github.com/willf/bitset v1.1.10/go.mod h1:RjeCKbqT1RxIR/KWY6phxZiaY1IyutSBfGjNPySAYV4=
golang.org/x/crypto v0.0.0-20190308221718-c2843e01d9a2/go.mod h1:djNgcEr1/C05ACkg1iLfiJU5Ep61QUkGW8qpdssI0+w=
golang.org/x/lint v0.0.0-20190909230951-414d861bb4ac/go.mod h1:6SW0HCj/g11FgYtHlgUYUwCkIfeOF89ocIRzGO/8vkc=
golang.org/x/net v0.0.0-20190311183353-d8887717615a/go.mod h1:t9HGtf8HONx5eT2rtn7q6eTqICYqUVnKs3thJo3Qplg=
golang.org/x/net v0.0.0-20190620200207-3b0461eec859/go.mod h1:z5CRVTTTmAJ677TzLLGU+0bjPO0LkuOLi4/5GtJWs/s=
golang.org/x/net v0.0.0-20190916140828-c8589233b77d h1:mCMDWKhNO37A7GAhOpHPbIw1cjd0V86kX1/WA9c7FZ8=
golang.org/x/net v0.0.0-20190916140828-c8589233b77d/go.mod h1:z5CRVTTTmAJ677TzLLGU+0bjPO0LkuOLi4/5GtJWs/s=
golang.org/x/sync v0.0.0-20190423024810-112230192c58/go.mod h1:RxMgew5VJxzue5/jJTE5uejpjVlOe/izrB70Jof72aM=
golang.org/x/sys v0.0.0-20190215142949-d0b11bdaac8a/go.mod h1:STP8DvDyc/dI5b8T5hshtkjS+E42TnysNCUPdjciGhY=
golang.org/x/text v0.3.0/go.mod h1:NqM8EUOU14njkJ3fqMW+pc6Ldnwhi/IjpwHt7yyuwOQ=
golang.org/x/tools v0.0.0-20180824175216-6c1c5e93cdc1/go.mod h1:n7NCudcB/nEzxVGmLbDWY5pfWTLqBcC2KZ6jyYvM4mQ=
golang.org/x/tools v0.0.0-20181130195746-895048a75ecf/go.mod h1:n7NCudcB/nEzxVGmLbDWY5pfWTLqBcC2KZ6jyYvM4mQ=
golang.org/x/tools v0.0.0-20190311212946-11955173bddd/go.mod h1:LCzVGOaR6xXOjkQ3onu1FJEFr0SW1gC7cKk1uF8kGRs=
golang.org/x/tools v0.0.0-20190408220357-e5b8258f4918/go.mod h1:LCzVGOaR6xXOjkQ3onu1FJEFr0SW1gC7cKk1uF8kGRs=
golang.org/x/tools v0.0.0-20190907020128-2ca718005c18/go.mod h1:b+2E5dAYhXwXZwtnZ6UAqBI28+e2cm9otk0dWdXHAEo=
golang.org/x/tools v0.0.0-20190917215024-905c8ffbfa41/go.mod h1:b+2E5dAYhXwXZwtnZ6UAqBI28+e2cm9otk0dWdXHAEo=
golang.org/x/xerrors v0.0.0-20190717185122-a985d3407aa7/go.mod h1:I/5z698sn9Ka8TeJc9MKroUUfqBBauWjQqLJ2OPfmY0=
gopkg.in/check.v1 v0.0.0-20161208181325-20d25e280405/go.mod h1:Co6ibVJAznAaIkqp8huTwlJQCZ016jof/cbN4VW5Yz0=
gopkg.in/gomail.v2 v2.0.0-20160411212932-81ebce5c23df h1:n7WqCuqOuCbNr617RXOY0AWRXxgwEyPp2z+p0+hgMuE=
gopkg.in/gomail.v2 v2.0.0-20160411212932-81ebce5c23df/go.mod h1:LRQQ+SO6ZHR7tOkpBDuZnXENFzX8qRjMDMyPD6BRkCw=
gopkg.in/yaml.v2 v2.2.2 h1:ZCJp+EgiOT7lHqUV2J862kp8Qj64Jo6az82+3Td9dZw=
gopkg.in/yaml.v2 v2.2.2/go.mod h1:hI93XBmqTisBFMUTm0b8Fm+jr3Dg1NNxqwp+5A1VGuI=
